
Microsoft Visual Studio Solution File, Format Version 12.00
# Visual Studio Version 17
VisualStudioVersion = 17.5.002.0
MinimumVisualStudioVersion = 10.0.40219.1
Project("{9A19103F-16F7-4668-BE54-9A1E7A4F7556}") = "EmployeeManagement", "EmployeeManagement.csproj", "{538EA6FE-834E-4AF5-BE89-56397B2C4023}"
EndProject
Global
	GlobalSection(SolutionConfigurationPlatforms) = preSolution
		Debug|Any CPU = Debug|Any CPU
		Release|Any CPU = Release|Any CPU
	EndGlobalSection
	GlobalSection(ProjectConfigurationPlatforms) = postSolution
		{538EA6FE-834E-4AF5-BE89-56397B2C4023}.Debug|Any CPU.ActiveCfg = Debug|Any CPU
		{538EA6FE-834E-4AF5-BE89-56397B2C4023}.Debug|Any CPU.Build.0 = Debug|Any CPU
		{538EA6FE-834E-4AF5-BE89-56397B2C4023}.Release|Any CPU.ActiveCfg = Release|Any CPU
		{538EA6FE-834E-4AF5-BE89-56397B2C4023}.Release|Any CPU.Build.0 = Release|Any CPU
	EndGlobalSection
	GlobalSection(SolutionProperties) = preSolution
		HideSolutionNode = FALSE
	EndGlobalSection
	GlobalSection(ExtensibilityGlobals) = postSolution
		SolutionGuid = {5FC2DD14-4107-4863-BBCE-42CBD3A02686}
	EndGlobalSection
EndGlobal
